{
  "name": "legacy_ios_app",
  "lockfileVersion": 3,
  "requires": true,
  "packages": {
    "": {
      "dependencies": {
        "com.darktalker.cordova.screenshot": "^0.1.6"
      },
      "devDependencies": {
        "cordova-plugin-camera": "^7.0.0",
        "cordova-plugin-device": "^2.1.0",
        "cordova-plugin-file": "^8.0.0",
        "cordova-plugin-file-transfer": "^2.0.0",
        "cordova-plugin-http": "^1.2.0",
        "cordova-plugin-ios-camera-permissions": "^1.2.0",
        "cordova-plugin-save-image": "^0.3.0",
        "cordova-plugin-transport-security": "~0.1.2",
        "cordova-plugin-uniquedeviceid": "^1.3.2",
        "cordova-plugin-zip": "~3.1.0",
        "cordova-sqlite-storage": "^6.1.0"
      }
    },
    "node_modules/com.darktalker.cordova.screenshot": {
      "version": "0.1.6",
      "resolved": "https://registry.npmjs.org/com.darktalker.cordova.screenshot/-/com.darktalker.cordova.screenshot-0.1.6.tgz",
      "integrity": "sha512-4yiMNmwvI87iYBTjn9NMfpz53AAW/2uRTo1JeK6CkYxCbmE0849suXgLd5G1zK+9rnj/BFpOEYJGbZidF2HnyQ==",
      "engines": [
        {
          "name": "cordova",
          "version": ">=3.0.0"
        }
      ]
    },
    "node_modules/cordova-plugin-camera": {
      "version": "7.0.0",
      "resolved": "https://registry.npmjs.org/cordova-plugin-camera/-/cordova-plugin-camera-7.0.0.tgz",
      "integrity": "sha512-OVQWZTBb18Y6e5c+bbXt3E4Z1yGnYqaywh2h5vVr/+nxMcdMIE+lm527bRK5vLN/RUqhGYP/Z+5n+O7Fk7fVNw==",
      "dev": true,
      "engines": {
        "cordovaDependencies": {
          "3.0.0": {
            "cordova-android": ">=6.3.0"
          },
          "4.1.0": {
            "cordova": ">=7.1.0",
            "cordova-android": ">=6.3.0"
          },
          "5.0.0": {
            "cordova": ">=9.0.0",
            "cordova-android": ">=9.0.0",
            "cordova-ios": ">=5.1.0"
          },
          "5.0.4-dev": {
            "cordova": ">=9.0.0",
            "cordova-android": "<10.0.0",
            "cordova-ios": ">=5.1.0"
          },
          "6.0.0": {
            "cordova": ">=9.0.0",
            "cordova-android": ">=10.0.0",
            "cordova-ios": ">=5.1.0"
          },
          "7.0.0": {
            "cordova": ">=9.0.0",
            "cordova-android": ">=12.0.0",
            "cordova-ios": ">=5.1.0"
          },
          "8.0.0": {
            "cordova": ">100"
          }
        }
      }
    },
    "node_modules/cordova-plugin-device": {
      "version": "2.1.0",
      "resolved": "https://registry.npmjs.org/cordova-plugin-device/-/cordova-plugin-device-2.1.0.tgz",
      "integrity": "sha512-FU0Lw1jZpuKOgG4v80LrfMAOIMCGfAVPumn7AwaX9S1iU/X3OPZUyoKUgP09q4bxL35IeNPkqNWVKYduAXZ1sg==",
      "dev": true,
      "engines": {
        "cordovaDependencies": {
          "3.0.0": {
            "cordova": ">100",
            "cordova-electron": ">=3.0.0"
          }
        }
      }
    },
    "node_modules/cordova-plugin-file": {
      "version": "8.0.0",
      "resolved": "https://registry.npmjs.org/cordova-plugin-file/-/cordova-plugin-file-8.0.0.tgz",
      "integrity": "sha512-pgxCJtDjDKzyeqvrn0KnDubf9b1VLv+OyWTXjUR7T52o7oGDUkR3ubT89i/1ugHtRU6mY7XIGHD4drUByDQClw==",
      "dev": true,
      "engines": {
        "cordovaDependencies": {
          "5.0.0": {
            "cordova-android": ">=6.3.0"
          },
          "7.0.0": {
            "cordova-android": ">=10.0.0"
          },
          "8.0.0": {
            "cordova-android": ">=12.0.0"
          },
          "9.0.0": {
            "cordova": ">100"
          }
        }
      }
    },
    "node_modules/cordova-plugin-file-transfer": {
      "version": "2.0.0",
      "resolved": "https://registry.npmjs.org/cordova-plugin-file-transfer/-/cordova-plugin-file-transfer-2.0.0.tgz",
      "integrity": "sha512-PPFM4+Gf5TQ1ttln2CxdrxH9JOcHBAuho2NQzLuCtXsb9X8Ivypz3cjpSgrAlWHwnk6OPvwo9DJ4GU2FXkGsrQ==",
      "dev": true,
      "engines": {
        "cordovaDependencies": {
          "2.0.0": {
            "cordova-android": ">=12.0.0"
          },
          "3.0.0": {
            "cordova": ">100"
          }
        }
      }
    },
    "node_modules/cordova-plugin-http": {
      "version": "1.2.0",
      "resolved": "https://registry.npmjs.org/cordova-plugin-http/-/cordova-plugin-http-1.2.0.tgz",
      "integrity": "sha512-yF+Vl45pyUxXlBsD+aT5LyjvFaE0Uc18t+UokJcBIUEgp7T9icFXo6hjkOV2tpSp3VLS/w6TEviwFmZwClxOug==",
      "dev": true,
      "engines": [
        {
          "name": "cordova",
          "version": ">=3.0.0"
        }
      ]
    },
    "node_modules/cordova-plugin-ios-camera-permissions": {
      "version": "1.2.0",
      "resolved": "https://registry.npmjs.org/cordova-plugin-ios-camera-permissions/-/cordova-plugin-ios-camera-permissions-1.2.0.tgz",
      "integrity": "sha512-lKMwaaNcMUvPs5rnmMnBXYV6pzGKVaLMReE3a6ROqCDrg9GSzZNq1TerGiifmYIbyy6jKU9eSJgrgpDPg5Bimw==",
      "dev": true,
      "engines": [
        {
          "name": "cordova",
          "version": ">=3.0.0"
        }
      ]
    },
    "node_modules/cordova-plugin-save-image": {
      "version": "0.3.0",
      "resolved": "https://registry.npmjs.org/cordova-plugin-save-image/-/cordova-plugin-save-image-0.3.0.tgz",
      "integrity": "sha512-Bp1sHzmaTuPWTxfhc/ofbOYTaa9P0XTfoRu+FFATk0diAEIZltGVgUEYil8s1xMU1y13zzfQlZMEaLKt99iY/w==",
      "dev": true,
      "engines": {
        "cordovaDependencies": {
          "3.0.0": {
            "cordova-android": ">=6.3.0"
          },
          "4.0.0": {
            "cordova": ">100"
          }
        }
      }
    },
    "node_modules/cordova-plugin-transport-security": {
      "version": "0.1.2",
      "resolved": "https://registry.npmjs.org/cordova-plugin-transport-security/-/cordova-plugin-transport-security-0.1.2.tgz",
      "integrity": "sha512-Qn6Y28Eas7zqQzerp+0FL/P3Hn3ZiK0r3O5U2h6Dot09lfr6c2xib1ICBodzUgQEQ5tEufUNXji8pZsx8ITZtw==",
      "dev": true,
      "engines": [
        {
          "name": "cordova",
          "version": ">=3.0.0"
        }
      ]
    },
    "node_modules/cordova-plugin-uniquedeviceid": {
      "version": "1.3.2",
      "resolved": "https://registry.npmjs.org/cordova-plugin-uniquedeviceid/-/cordova-plugin-uniquedeviceid-1.3.2.tgz",
      "integrity": "sha512-A8mKZ5x5qv53ZTjkjrY8/3W4nuN4X2v25wZA92CuPzMhhUYXD1PAlk0Avb4r3oNHQx7RmhPvxEQgHOwLSkxgLA==",
      "dev": true,
      "engines": [
        {
          "name": "cordova",
          "version": ">=3.0.0"
        }
      ]
    },
    "node_modules/cordova-plugin-zip": {
      "version": "3.1.0",
      "resolved": "https://registry.npmjs.org/cordova-plugin-zip/-/cordova-plugin-zip-3.1.0.tgz",
      "integrity": "sha512-N+8G3KlBlVV4GcGubyhz0Z+mZ8UiLsJknoLL4KcmlLxpb6RnndheXusCWt1G999+y+O88P1fpcr77+lKq55QZQ==",
      "dev": true,
      "engines": [
        {
          "name": "cordova",
          "version": ">=3.3.0"
        }
      ]
    },
    "node_modules/cordova-sqlite-storage": {
      "version": "6.1.0",
      "resolved": "https://registry.npmjs.org/cordova-sqlite-storage/-/cordova-sqlite-storage-6.1.0.tgz",
      "integrity": "sha512-ko/edy+u9MJVYrXdB6OXUklH0eIRWpa/Rvang7YkvQvsswc9vZr0pM/Ty6eX0MJtLOMJuCXIOiiHZZZbZSZikw==",
      "dev": true,
      "dependencies": {
        "cordova-sqlite-storage-dependencies": "4.1.0"
      }
    },
    "node_modules/cordova-sqlite-storage-dependencies": {
      "version": "4.1.0",
      "resolved": "https://registry.npmjs.org/cordova-sqlite-storage-dependencies/-/cordova-sqlite-storage-dependencies-4.1.0.tgz",
      "integrity": "sha512-D0ZXfNkS3z9GO+Ha2rC2odvOOMcx/moL8lpVDFxXqcsCEZbJimuki4wZfdrQrGlNd/d7r4DNodljRmO20v6Ntg==",
      "dev": true
    }
  }
}
